github.com/graniticio/granitic/v2 v2.0.0-pre5 h1:dkH/Kcf/q2yKvpcAmTcKFBKraqJqzyU/73JLAGjThP4=
github.com/graniticio/granitic/v2 v2.0.0-pre5/go.mod h1:eX2bLqj4d6rYNVb0pC0Gk1f6vAC8QFbcI3INetQMBnk=
github.com/graniticio/granitic/v2 v2.0.0-pre6 h1:k9SYUQXSf7RZyxvbu+2VDSlt/vBmdapawSuhZXEngUk=
github.com/graniticio/granitic/v2 v2.0.0-pre6/go.mod h1:eX2bLqj4d6rYNVb0pC0Gk1f6vAC8QFbcI3INetQMBnk=
